lockfileVersion: '6.0'

settings:
  autoInstallPeers: true
  excludeLinksFromLockfile: false

devDependencies:
  typescript:
    specifier: ^5.3.2
    version: registry.npmmirror.com/typescript@5.3.2

packages:

  registry.npmmirror.com/typescript@5.3.2:
    resolution: {integrity: sha512-6l+RyNy7oAHDfxC4FzSJcz9vnjTKxrLpDG5M2Vu4SHRVNg6xzqZp6LYSR9zjqQTu8DU/f5xwxUdADOkbrIX2gQ==, registry: https://registry.npm.taobao.org/, tarball: https://registry.npmmirror.com/typescript/-/typescript-5.3.2.tgz}
    name: typescript
    version: 5.3.2
    engines: {node: '>=14.17'}
    hasBin: true
    dev: true
